{
  "lockfileVersion": 1,
  "configVersion": 0,
  "workspaces": {
    "": {
      "name": "clawchat",
      "devDependencies": {
        "bun-types": "^1.3.10",
        "typescript": "^5.9.3",
      },
    },
    "cli": {
      "name": "@clawchat/cli",
      "version": "0.1.0",
      "bin": {
        "clawchat": "src/index.ts",
      },
      "dependencies": {
        "@clawchat/protocol": "workspace:*",
      },
    },
    "packages/protocol": {
      "name": "@clawchat/protocol",
      "version": "0.1.0",
    },
    "service": {
      "name": "@clawchat/service",
      "version": "0.1.0",
      "dependencies": {
        "@clawchat/protocol": "workspace:*",
        "hono": "^4",
      },
    },
  },
  "packages": {
    "@clawchat/cli": ["@clawchat/cli@workspace:cli"],

    "@clawchat/protocol": ["@clawchat/protocol@workspace:packages/protocol"],

    "@clawchat/service": ["@clawchat/service@workspace:service"],

    "@types/node": ["@types/node@25.5.0", "", { "dependencies": { "undici-types": "~7.18.0" } }, "sha512-jp2P3tQMSxWugkCUKLRPVUpGaL5MVFwF8RDuSRztfwgN1wmqJeMSbKlnEtQqU8UrhTmzEmZdu2I6v2dpp7XIxw=="],

    "bun-types": ["bun-types@1.3.10", "", { "dependencies": { "@types/node": "*" } }, "sha512-tcpfCCl6XWo6nCVnpcVrxQ+9AYN1iqMIzgrSKYMB/fjLtV2eyAVEg7AxQJuCq/26R6HpKWykQXuSOq/21RYcbg=="],

    "hono": ["hono@4.12.7", "", {}, "sha512-jq9l1DM0zVIvsm3lv9Nw9nlJnMNPOcAtsbsgiUhWcFzPE99Gvo6yRTlszSLLYacMeQ6quHD6hMfId8crVHvexw=="],

    "typescript": ["typescript@5.9.3", "", { "bin": { "tsc": "bin/tsc", "tsserver": "bin/tsserver" } }, "sha512-jl1vZzPDinLr9eUt3J/t7V6FgNEw9QjvBPdysz9KfQDD41fQrC2Y4vKQdiaUpFT4bXlb1RHhLpp8wtm6M5TgSw=="],

    "undici-types": ["undici-types@7.18.2", "", {}, "sha512-AsuCzffGHJybSaRrmr5eHr81mwJU3kjw6M+uprWvCXiNeN9SOGwQ3Jn8jb8m3Z6izVgknn1R0FTCEAP2QrLY/w=="],
  }
}
